{
  "name": "@aegis-vault/sdk",
  "version": "0.3.0",
  "lockfileVersion": 3,
  "requires": true,
  "packages": {
    "": {
      "name": "@aegis-vault/sdk",
      "version": "0.3.0",
      "license": "MIT",
      "engines": {
        "node": ">=18"
      },
      "peerDependencies": {
        "ethers": "^6.0.0"
      },
      "peerDependenciesMeta": {
        "ethers": {
          "optional": true
        }
      }
    }
  }
}
